# This file is automatically @generated by Poetry and should not be changed by hand.

[[package]]
name = "django"
version = "2.2.6"
description = "A high-level Python Web framework that encourages rapid development and clean, pragmatic design."
category = "main"
optional = false
python-versions = ">=3.5"
files = [
    {file = "Django-2.2.6-py3-none-any.whl", hash = "sha256:4025317ca01f75fc79250ff7262a06d8ba97cd4f82e93394b2a0a6a4a925caeb"},
    {file = "Django-2.2.6.tar.gz", hash = "sha256:a8ca1033acac9f33995eb2209a6bf18a4681c3e5269a878e9a7e0b7384ed1ca3"},
]

[package.dependencies]
pytz = "*"
sqlparse = "*"

[package.extras]
argon2 = ["argon2-cffi (>=16.1.0)"]
bcrypt = ["bcrypt"]

[[package]]
name = "django-split-settings"
version = "1.0.0"
description = "Organize Django settings into multiple files and directories. Easily override and modify settings. Use wildcards and optional settings files."
category = "main"
optional = false
python-versions = ">=3.6,<4.0"
files = [
    {file = "django-split-settings-1.0.0.tar.gz", hash = "sha256:f5a5c6431ab00a78959f7930a79faaf488b2fe8a4eddc4297ef8cd593e74868d"},
    {file = "django_split_settings-1.0.0-py3-none-any.whl", hash = "sha256:db4d24a2da2f17e0aa97437f052eda7d043a3e2eaa9c8a85a171271e0f91852b"},
]

[[package]]
name = "psycopg2"
version = "2.8.3"
description = "psycopg2 - Python-PostgreSQL Database Adapter"
category = "main"
optional = false
python-versions = ">=2.7,!=3.0.*,!=3.1.*,!=3.2.*,!=3.3.*"
files = [
    {file = "psycopg2-2.8.3-cp27-cp27m-win32.whl", hash = "sha256:2315e7f104681d498ccf6fd70b0dba5bce65d60ac92171492bfe228e21dcc242"},
    {file = "psycopg2-2.8.3-cp27-cp27m-win_amd64.whl", hash = "sha256:4b5417dcd2999db0f5a891d54717cfaee33acc64f4772c4bc574d4ff95ed9d80"},
    {file = "psycopg2-2.8.3-cp34-cp34m-win32.whl", hash = "sha256:b1b8e41da09a0c3ef0b3d4bb72da0dde2abebe583c1e8462973233fd5ad0235f"},
    {file = "psycopg2-2.8.3-cp34-cp34m-win_amd64.whl", hash = "sha256:640113ddc943522aaf71294e3f2d24013b0edd659b7820621492c9ebd3a2fb0b"},
    {file = "psycopg2-2.8.3-cp35-cp35m-win32.whl", hash = "sha256:128d0fa910ada0157bba1cb74a9c5f92bb8a1dca77cf91a31eb274d1f889e001"},
    {file = "psycopg2-2.8.3-cp35-cp35m-win_amd64.whl", hash = "sha256:f0e6b697a975d9d3ccd04135316c947dd82d841067c7800ccf622a8717e98df1"},
    {file = "psycopg2-2.8.3-cp36-cp36m-win32.whl", hash = "sha256:8dceca81409898c870e011c71179454962dec152a1a6b86a347f4be74b16d864"},
    {file = "psycopg2-2.8.3-cp36-cp36m-win_amd64.whl", hash = "sha256:d3a27550a8185e53b244ad7e79e307594b92fede8617d80200a8cce1fba2c60f"},
    {file = "psycopg2-2.8.3-cp37-cp37m-win32.whl", hash = "sha256:227fd46cf9b7255f07687e5bde454d7d67ae39ca77e170097cdef8ebfc30c323"},
    {file = "psycopg2-2.8.3-cp37-cp37m-win_amd64.whl", hash = "sha256:cb407fccc12fc29dc331f2b934913405fa49b9b75af4f3a72d0f50f57ad2ca23"},
    {file = "psycopg2-2.8.3.tar.gz", hash = "sha256:897a6e838319b4bf648a574afb6cabcb17d0488f8c7195100d48d872419f4457"},
]

[[package]]
name = "python-decouple"
version = "3.1"
description = "Strict separation of settings from code."
category = "main"
optional = false
python-versions = "*"
files = [
    {file = "python-decouple-3.1.tar.gz", hash = "sha256:1317df14b43efee4337a4aa02914bf004f010cd56d6c4bd894e6474ec8c4fe2d"},
]

[[package]]
name = "pytz"
version = "2019.3"
description = "World timezone definitions, modern and historical"
category = "main"
optional = false
python-versions = "*"
files = [
    {file = "pytz-2019.3-py2.py3-none-any.whl", hash = "sha256:1c557d7d0e871de1f5ccd5833f60fb2550652da6be2693c1e02300743d21500d"},
    {file = "pytz-2019.3.tar.gz", hash = "sha256:b02c06db6cf09c12dd25137e563b31700d3b80fcc4ad23abb7a315f2789819be"},
]

[[package]]
name = "sqlparse"
version = "0.4.4"
description = "A non-validating SQL parser."
category = "main"
optional = false
python-versions = ">=3.5"
files = [
    {file = "sqlparse-0.4.4-py3-none-any.whl", hash = "sha256:5430a4fe2ac7d0f93e66f1efc6e1338a41884b7ddf2a350cedd20ccc4d9d28f3"},
    {file = "sqlparse-0.4.4.tar.gz", hash = "sha256:d446183e84b8349fa3061f0fe7f06ca94ba65b426946ffebe6e3e8295332420c"},
]

[package.extras]
dev = ["build", "flake8"]
doc = ["sphinx"]
test = ["pytest", "pytest-cov"]

[[package]]
name = "uwsgi"
version = "2.0.18"
description = "The uWSGI server"
category = "main"
optional = false
python-versions = "*"
files = [
    {file = "uwsgi-2.0.18.tar.gz", hash = "sha256:4972ac538800fb2d421027f49b4a1869b66048839507ccf0aa2fda792d99f583"},
]

[metadata]
lock-version = "2.0"
python-versions = "^3.7"
content-hash = "f3fcfe97cbd209f01e9b6824ea76023f62ffd736be4733ae05e8335e04a99bb7"
